
Microsoft Visual Studio Solution File, Format Version 12.00
# Visual Studio Version 16
VisualStudioVersion = 16.0.31624.102
MinimumVisualStudioVersion = 10.0.40219.1
Project("{FAE04EC0-301F-11D3-BF4B-00C04F79EFBC}") = "WindowsFormsApp1", "WindowsFormsApp1\WindowsFormsApp1.csproj", "{87EEAEFE-C8F3-46D8-9737-5B4A907879AA}"
EndProject
Global
	GlobalSection(SolutionConfigurationPlatforms) = preSolution
		Debug|Any CPU = Debug|Any CPU
		Release|Any CPU = Release|Any CPU
	EndGlobalSection
	GlobalSection(ProjectConfigurationPlatforms) = postSolution
		{87EEAEFE-C8F3-46D8-9737-5B4A907879AA}.Debug|Any CPU.ActiveCfg = Debug|Any CPU
		{87EEAEFE-C8F3-46D8-9737-5B4A907879AA}.Debug|Any CPU.Build.0 = Debug|Any CPU
		{87EEAEFE-C8F3-46D8-9737-5B4A907879AA}.Release|Any CPU.ActiveCfg = Release|Any CPU
		{87EEAEFE-C8F3-46D8-9737-5B4A907879AA}.Release|Any CPU.Build.0 = Release|Any CPU
	EndGlobalSection
	GlobalSection(SolutionProperties) = preSolution
		HideSolutionNode = FALSE
	EndGlobalSection
	GlobalSection(ExtensibilityGlobals) = postSolution
		SolutionGuid = {C78054E7-0898-47C4-A77D-7838F55EE1E3}
	EndGlobalSection
EndGlobal
